version = 1
revision = 2
requires-python = ">=3.8"
resolution-markers = [
    "python_full_version >= '3.9'",
    "python_full_version < '3.9'",
]

[[package]]
name = "narwhals"
version = "1.42.1"
source = { registry = "https://pypi.org/simple" }
resolution-markers = [
    "python_full_version < '3.9'",
]
sdist = { url = "https://files.pythonhosted.org/packages/df/d6/168a787b7800d6c89846b791e4f5ee6b94998a80c8c2838a019d3d71984d/narwhals-1.42.1.tar.gz", hash = "sha256:50a5635b11aeda98cf9c37e839fd34b0a24159f59a4dfae930290ad698320494", size = 492865, upload-time = "2025-06-12T15:15:13.222Z" }
wheels = [
    { url = "https://files.pythonhosted.org/packages/79/3f/8d450588206b437dd239a6d44230c63095e71135bd95d5a74347d07adbd5/narwhals-1.42.1-py3-none-any.whl", hash = "sha256:7a270d44b94ccdb277a799ae890c42e8504c537c1849f195eb14717c6184977a", size = 359888, upload-time = "2025-06-12T15:15:11.643Z" },
]

[[package]]
name = "narwhals"
version = "2.8.0"
source = { registry = "https://pypi.org/simple" }
resolution-markers = [
    "python_full_version >= '3.9'",
]
sdist = { url = "https://files.pythonhosted.org/packages/ae/05/79a5b5a795f36c1aaa002d194c1ef71e5d95f7e1900155bbfde734815ab9/narwhals-2.8.0.tar.gz", hash = "sha256:52e0b22d54718264ae703bd9293af53b04abc995a1414908c3b807ba8c913858", size = 574277, upload-time = "2025-10-13T08:44:28.81Z" }
wheels = [
    { url = "https://files.pythonhosted.org/packages/1d/86/ac808ecb94322a3f1ea31627d13ab3e50dd4333564d711e0e481ad0f4586/narwhals-2.8.0-py3-none-any.whl", hash = "sha256:6304856676ba4a79fd34148bda63aed8060dd6edb1227edf3659ce5e091de73c", size = 415852, upload-time = "2025-10-13T08:44:25.421Z" },
]

[[package]]
name = "packaging"
version = "25.0"
source = { registry = "https://pypi.org/simple" }
sdist = { url = "https://files.pythonhosted.org/packages/a1/d4/1fc4078c65507b51b96ca8f8c3ba19e6a61c8253c72794544580a7b6c24d/packaging-25.0.tar.gz", hash = "sha256:d443872c98d677bf60f6a1f2f8c1cb748e8fe762d2bf9d3148b5599295b0fc4f", size = 165727, upload-time = "2025-04-19T11:48:59.673Z" }
wheels = [
    { url = "https://files.pythonhosted.org/packages/20/12/38679034af332785aac8774540895e234f4d07f7545804097de4b666afd8/packaging-25.0-py3-none-any.whl", hash = "sha256:29572ef2b1f17581046b3a2227d5c611fb25ec70ca1ba8554b24b0e69331a484", size = 66469, upload-time = "2025-04-19T11:48:57.875Z" },
]

[[package]]
name = "plotly"
version = "6.3.1"
source = { registry = "https://pypi.org/simple" }
dependencies = [
    { name = "narwhals", version = "1.42.1", source = { registry = "https://pypi.org/simple" }, marker = "python_full_version < '3.9'" },
    { name = "narwhals", version = "2.8.0", source = { registry = "https://pypi.org/simple" }, marker = "python_full_version >= '3.9'" },
    { name = "packaging" },
]
sdist = { url = "https://files.pythonhosted.org/packages/0c/63/961d47c9ffd592a575495891cdcf7875dc0903ebb33ac238935714213789/plotly-6.3.1.tar.gz", hash = "sha256:dd896e3d940e653a7ce0470087e82c2bd903969a55e30d1b01bb389319461bb0", size = 6956460, upload-time = "2025-10-02T16:10:34.16Z" }
wheels = [
    { url = "https://files.pythonhosted.org/packages/3f/93/023955c26b0ce614342d11cc0652f1e45e32393b6ab9d11a664a60e9b7b7/plotly-6.3.1-py3-none-any.whl", hash = "sha256:8b4420d1dcf2b040f5983eed433f95732ed24930e496d36eb70d211923532e64", size = 9833698, upload-time = "2025-10-02T16:10:22.584Z" },
]

[[package]]
name = "pydot"
version = "4.0.1"
source = { registry = "https://pypi.org/simple" }
dependencies = [
    { name = "pyparsing", version = "3.1.4", source = { registry = "https://pypi.org/simple" }, marker = "python_full_version < '3.9'" },
    { name = "pyparsing", version = "3.2.5", source = { registry = "https://pypi.org/simple" }, marker = "python_full_version >= '3.9'" },
]
sdist = { url = "https://files.pythonhosted.org/packages/50/35/b17cb89ff865484c6a20ef46bf9d95a5f07328292578de0b295f4a6beec2/pydot-4.0.1.tar.gz", hash = "sha256:c2148f681c4a33e08bf0e26a9e5f8e4099a82e0e2a068098f32ce86577364ad5", size = 162594, upload-time = "2025-06-17T20:09:56.454Z" }
wheels = [
    { url = "https://files.pythonhosted.org/packages/7e/32/a7125fb28c4261a627f999d5fb4afff25b523800faed2c30979949d6facd/pydot-4.0.1-py3-none-any.whl", hash = "sha256:869c0efadd2708c0be1f916eb669f3d664ca684bc57ffb7ecc08e70d5e93fee6", size = 37087, upload-time = "2025-06-17T20:09:55.25Z" },
]

[[package]]
name = "pyparsing"
version = "3.1.4"
source = { registry = "https://pypi.org/simple" }
resolution-markers = [
    "python_full_version < '3.9'",
]
sdist = { url = "https://files.pythonhosted.org/packages/83/08/13f3bce01b2061f2bbd582c9df82723de943784cf719a35ac886c652043a/pyparsing-3.1.4.tar.gz", hash = "sha256:f86ec8d1a83f11977c9a6ea7598e8c27fc5cddfa5b07ea2241edbbde1d7bc032", size = 900231, upload-time = "2024-08-25T15:00:47.416Z" }
wheels = [
    { url = "https://files.pythonhosted.org/packages/e5/0c/0e3c05b1c87bb6a1c76d281b0f35e78d2d80ac91b5f8f524cebf77f51049/pyparsing-3.1.4-py3-none-any.whl", hash = "sha256:a6a7ee4235a3f944aa1fa2249307708f893fe5717dc603503c6c7969c070fb7c", size = 104100, upload-time = "2024-08-25T15:00:45.361Z" },
]

[[package]]
name = "pyparsing"
version = "3.2.5"
source = { registry = "https://pypi.org/simple" }
resolution-markers = [
    "python_full_version >= '3.9'",
]
sdist = { url = "https://files.pythonhosted.org/packages/f2/a5/181488fc2b9d093e3972d2a472855aae8a03f000592dbfce716a512b3359/pyparsing-3.2.5.tar.gz", hash = "sha256:2df8d5b7b2802ef88e8d016a2eb9c7aeaa923529cd251ed0fe4608275d4105b6", size = 1099274, upload-time = "2025-09-21T04:11:06.277Z" }
wheels = [
    { url = "https://files.pythonhosted.org/packages/10/5e/1aa9a93198c6b64513c9d7752de7422c06402de6600a8767da1524f9570b/pyparsing-3.2.5-py3-none-any.whl", hash = "sha256:e38a4f02064cf41fe6593d328d0512495ad1f3d8a91c4f73fc401b3079a59a5e", size = 113890, upload-time = "2025-09-21T04:11:04.117Z" },
]

[[package]]
name = "uica"
version = "1.0.0"
source = { editable = "." }
dependencies = [
    { name = "plotly" },
]

[package.optional-dependencies]
windows = [
    { name = "pydot" },
]

[package.metadata]
requires-dist = [
    { name = "plotly" },
    { name = "pydot", marker = "extra == 'windows'" },
]
provides-extras = ["windows"]
